// !$*UTF8*$!
{
	archiveVersion = 1;
	classes = {
	};
	objectVersion = 46;
	objects = {

/* Begin PBXBuildFile section */
		79DADD451A83C4CF009E8084 /* Foundation.framework in Frameworks */ = {isa = PBXBuildFile; fileRef = 79DADD441A83C4CF009E8084 /* Foundation.framework */; };
		79DADD471A83C4CF009E8084 /* CoreGraphics.framework in Frameworks */ = {isa = PBXBuildFile; fileRef = 79DADD461A83C4CF009E8084 /* CoreGraphics.framework */; };
		79DADD491A83C4CF009E8084 /* UIKit.framework in Frameworks */ = {isa = PBXBuildFile; fileRef = 79DADD481A83C4CF009E8084 /* UIKit.framework */; };
		79DADD4F1A83C4CF009E8084 /* InfoPlist.strings in Resources */ = {isa = PBXBuildFile; fileRef = 79DADD4D1A83C4CF009E8084 /* InfoPlist.strings */; };
		79DADD511A83C4CF009E8084 /* main.m in Sources */ = {isa = PBXBuildFile; fileRef = 79DADD501A83C4CF009E8084 /* main.m */; };
		79DADD551A83C4CF009E8084 /* AppDelegate.m in Sources */ = {isa = PBXBuildFile; fileRef = 79DADD541A83C4CF009E8084 /* AppDelegate.m */; };
		79DADD581A83C4CF009E8084 /* Main.storyboard in Resources */ = {isa = PBXBuildFile; fileRef = 79DADD561A83C4CF009E8084 /* Main.storyboard */; };
		79DADD5B1A83C4CF009E8084 /* ViewController.m in Sources */ = {isa = PBXBuildFile; fileRef = 79DADD5A1A83C4CF009E8084 /* ViewController.m */; };
		79DADD5D1A83C4CF009E8084 /* Images.xcassets in Resources */ = {isa = PBXBuildFile; fileRef = 79DADD5C1A83C4CF009E8084 /* Images.xcassets */; };
		79DADD641A83C4CF009E8084 /* XCTest.framework in Frameworks */ = {isa = PBXBuildFile; fileRef = 79DADD631A83C4CF009E8084 /* XCTest.framework */; };
		79DADD651A83C4CF009E8084 /* Foundation.framework in Frameworks */ = {isa = PBXBuildFile; fileRef = 79DADD441A83C4CF009E8084 /* Foundation.framework */; };
		79DADD661A83C4CF009E8084 /* UIKit.framework in Frameworks */ = {isa = PBXBuildFile; fileRef = 79DADD481A83C4CF009E8084 /* UIKit.framework */; };
		79DADD6E1A83C4CF009E8084 /* InfoPlist.strings in Resources */ = {isa = PBXBuildFile; fileRef = 79DADD6C1A83C4CF009E8084 /* InfoPlist.strings */; };
		79DADD701A83C4CF009E8084 /* __1__Adding_a_Navigation_Controller_to_a_StoryboardTests.m in Sources */ = {isa = PBXBuildFile; fileRef = 79DADD6F1A83C4CF009E8084 /* __1__Adding_a_Navigation_Controller_to_a_StoryboardTests.m */; };
		79DADD7B1A83C6C0009E8084 /* SecondViewController.m in Sources */ = {isa = PBXBuildFile; fileRef = 79DADD7A1A83C6C0009E8084 /* SecondViewController.m */; };
/* End PBXBuildFile section */

/* Begin PBXContainerItemProxy section */
		79DADD671A83C4CF009E8084 /* PBXContainerItemProxy */ = {
			isa = PBXContainerItemProxy;
			containerPortal = 79DADD391A83C4CF009E8084 /* Project object */;
			proxyType = 1;
			remoteGlobalIDString = 79DADD401A83C4CF009E8084;
			remoteInfo = "6.1. Adding a Navigation Controller to a Storyboard";
		};
/* End PBXContainerItemProxy section */

/* Begin PBXFileReference section */
		79DADD411A83C4CF009E8084 /* 6.1. Adding a Navigation Controller to a Storyboard.app */ = {isa = PBXFileReference; explicitFileType = wrapper.application; includeInIndex = 0; path = "6.1. Adding a Navigation Controller to a Storyboard.app"; sourceTree = BUILT_PRODUCTS_DIR; };
		79DADD441A83C4CF009E8084 /* Foundation.framework */ = {isa = PBXFileReference; lastKnownFileType = wrapper.framework; name = Foundation.framework; path = System/Library/Frameworks/Foundation.framework; sourceTree = SDKROOT; };
		79DADD461A83C4CF009E8084 /* CoreGraphics.framework */ = {isa = PBXFileReference; lastKnownFileType = wrapper.framework; name = CoreGraphics.framework; path = System/Library/Frameworks/CoreGraphics.framework; sourceTree = SDKROOT; };
		79DADD481A83C4CF009E8084 /* UIKit.framework */ = {isa = PBXFileReference; lastKnownFileType = wrapper.framework; name = UIKit.framework; path = System/Library/Frameworks/UIKit.framework; sourceTree = SDKROOT; };
		79DADD4C1A83C4CF009E8084 /* 6.1. Adding a Navigation Controller to a Storyboard-Info.plist */ = {isa = PBXFileReference; lastKnownFileType = text.plist.xml; path = "6.1. Adding a Navigation Controller to a Storyboard-Info.plist"; sourceTree = "<group>"; };
		79DADD4E1A83C4CF009E8084 /* en */ = {isa = PBXFileReference; lastKnownFileType = text.plist.strings; name = en; path = en.lproj/InfoPlist.strings; sourceTree = "<group>"; };
		79DADD501A83C4CF009E8084 /* main.m */ = {isa = PBXFileReference; lastKnownFileType = sourcecode.c.objc; path = main.m; sourceTree = "<group>"; };
		79DADD521A83C4CF009E8084 /* 6.1. Adding a Navigation Controller to a Storyboard-Prefix.pch */ = {isa = PBXFileReference; lastKnownFileType = sourcecode.c.h; path = "6.1. Adding a Navigation Controller to a Storyboard-Prefix.pch"; sourceTree = "<group>"; };
		79DADD531A83C4CF009E8084 /* AppDelegate.h */ = {isa = PBXFileReference; lastKnownFileType = sourcecode.c.h; path = AppDelegate.h; sourceTree = "<group>"; };
		79DADD541A83C4CF009E8084 /* AppDelegate.m */ = {isa = PBXFileReference; lastKnownFileType = sourcecode.c.objc; path = AppDelegate.m; sourceTree = "<group>"; };
		79DADD571A83C4CF009E8084 /* Base */ = {isa = PBXFileReference; lastKnownFileType = file.storyboard; name = Base; path = Base.lproj/Main.storyboard; sourceTree = "<group>"; };
		79DADD591A83C4CF009E8084 /* ViewController.h */ = {isa = PBXFileReference; lastKnownFileType = sourcecode.c.h; path = ViewController.h; sourceTree = "<group>"; };
		79DADD5A1A83C4CF009E8084 /* ViewController.m */ = {isa = PBXFileReference; lastKnownFileType = sourcecode.c.objc; path = ViewController.m; sourceTree = "<group>"; };
		79DADD5C1A83C4CF009E8084 /* Images.xcassets */ = {isa = PBXFileReference; lastKnownFileType = folder.assetcatalog; path = Images.xcassets; sourceTree = "<group>"; };
		79DADD621A83C4CF009E8084 /* 6.1. Adding a Navigation Controller to a StoryboardTests.xctest */ = {isa = PBXFileReference; explicitFileType = wrapper.cfbundle; includeInIndex = 0; path = "6.1. Adding a Navigation Controller to a StoryboardTests.xctest"; sourceTree = BUILT_PRODUCTS_DIR; };
		79DADD631A83C4CF009E8084 /* XCTest.framework */ = {isa = PBXFileReference; lastKnownFileType = wrapper.framework; name = XCTest.framework; path = Library/Frameworks/XCTest.framework; sourceTree = DEVELOPER_DIR; };
		79DADD6B1A83C4CF009E8084 /* 6.1. Adding a Navigation Controller to a StoryboardTests-Info.plist */ = {isa = PBXFileReference; lastKnownFileType = text.plist.xml; path = "6.1. Adding a Navigation Controller to a StoryboardTests-Info.plist"; sourceTree = "<group>"; };
		79DADD6D1A83C4CF009E8084 /* en */ = {isa = PBXFileReference; lastKnownFileType = text.plist.strings; name = en; path = en.lproj/InfoPlist.strings; sourceTree = "<group>"; };
		79DADD6F1A83C4CF009E8084 /* __1__Adding_a_Navigation_Controller_to_a_StoryboardTests.m */ = {isa = PBXFileReference; lastKnownFileType = sourcecode.c.objc; path = __1__Adding_a_Navigation_Controller_to_a_StoryboardTests.m; sourceTree = "<group>"; };
		79DADD791A83C6C0009E8084 /* SecondViewController.h */ = {isa = PBXFileReference; fileEncoding = 4; lastKnownFileType = sourcecode.c.h; path = SecondViewController.h; sourceTree = "<group>"; };
		79DADD7A1A83C6C0009E8084 /* SecondViewController.m */ = {isa = PBXFileReference; fileEncoding = 4; lastKnownFileType = sourcecode.c.objc; path = SecondViewController.m; sourceTree = "<group>"; };
/* End PBXFileReference section */

/* Begin PBXFrameworksBuildPhase section */
		79DADD3E1A83C4CF009E8084 /* Frameworks */ = {
			isa = PBXFrameworksBuildPhase;
			buildActionMask = 2147483647;
			files = (
				79DADD471A83C4CF009E8084 /* CoreGraphics.framework in Frameworks */,
				79DADD491A83C4CF009E8084 /* UIKit.framework in Frameworks */,
				79DADD451A83C4CF009E8084 /* Foundation.framework in Frameworks */,
			);
			runOnlyForDeploymentPostprocessing = 0;
		};
		79DADD5F1A83C4CF009E8084 /* Frameworks */ = {
			isa = PBXFrameworksBuildPhase;
			buildActionMask = 2147483647;
			files = (
				79DADD641A83C4CF009E8084 /* XCTest.framework in Frameworks */,
				79DADD661A83C4CF009E8084 /* UIKit.framework in Frameworks */,
				79DADD651A83C4CF009E8084 /* Foundation.framework in Frameworks */,
			);
			runOnlyForDeploymentPostprocessing = 0;
		};
/* End PBXFrameworksBuildPhase section */

/* Begin PBXGroup section */
		79DADD381A83C4CF009E8084 = {
			isa = PBXGroup;
			children = (
				79DADD4A1A83C4CF009E8084 /* 6.1. Adding a Navigation Controller to a Storyboard */,
				79DADD691A83C4CF009E8084 /* 6.1. Adding a Navigation Controller to a StoryboardTests */,
				79DADD431A83C4CF009E8084 /* Frameworks */,
				79DADD421A83C4CF009E8084 /* Products */,
			);
			sourceTree = "<group>";
		};
		79DADD421A83C4CF009E8084 /* Products */ = {
			isa = PBXGroup;
			children = (
				79DADD411A83C4CF009E8084 /* 6.1. Adding a Navigation Controller to a Storyboard.app */,
				79DADD621A83C4CF009E8084 /* 6.1. Adding a Navigation Controller to a StoryboardTests.xctest */,
			);
			name = Products;
			sourceTree = "<group>";
		};
		79DADD431A83C4CF009E8084 /* Frameworks */ = {
			isa = PBXGroup;
			children = (
				79DADD441A83C4CF009E8084 /* Foundation.framework */,
				79DADD461A83C4CF009E8084 /* CoreGraphics.framework */,
				79DADD481A83C4CF009E8084 /* UIKit.framework */,
				79DADD631A83C4CF009E8084 /* XCTest.framework */,
			);
			name = Frameworks;
			sourceTree = "<group>";
		};
		79DADD4A1A83C4CF009E8084 /* 6.1. Adding a Navigation Controller to a Storyboard */ = {
			isa = PBXGroup;
			children = (
				79DADD531A83C4CF009E8084 /* AppDelegate.h */,
				79DADD541A83C4CF009E8084 /* AppDelegate.m */,
				79DADD561A83C4CF009E8084 /* Main.storyboard */,
				79DADD591A83C4CF009E8084 /* ViewController.h */,
				79DADD5A1A83C4CF009E8084 /* ViewController.m */,
				79DADD5C1A83C4CF009E8084 /* Images.xcassets */,
				79DADD4B1A83C4CF009E8084 /* Supporting Files */,
				79DADD791A83C6C0009E8084 /* SecondViewController.h */,
				79DADD7A1A83C6C0009E8084 /* SecondViewController.m */,
			);
			path = "6.1. Adding a Navigation Controller to a Storyboard";
			sourceTree = "<group>";
		};
		79DADD4B1A83C4CF009E8084 /* Supporting Files */ = {
			isa = PBXGroup;
			children = (
				79DADD4C1A83C4CF009E8084 /* 6.1. Adding a Navigation Controller to a Storyboard-Info.plist */,
				79DADD4D1A83C4CF009E8084 /* InfoPlist.strings */,
				79DADD501A83C4CF009E8084 /* main.m */,
				79DADD521A83C4CF009E8084 /* 6.1. Adding a Navigation Controller to a Storyboard-Prefix.pch */,
			);
			name = "Supporting Files";
			sourceTree = "<group>";
		};
		79DADD691A83C4CF009E8084 /* 6.1. Adding a Navigation Controller to a StoryboardTests */ = {
			isa = PBXGroup;
			children = (
				79DADD6F1A83C4CF009E8084 /* __1__Adding_a_Navigation_Controller_to_a_StoryboardTests.m */,
				79DADD6A1A83C4CF009E8084 /* Supporting Files */,
			);
			path = "6.1. Adding a Navigation Controller to a StoryboardTests";
			sourceTree = "<group>";
		};
		79DADD6A1A83C4CF009E8084 /* Supporting Files */ = {
			isa = PBXGroup;
			children = (
				79DADD6B1A83C4CF009E8084 /* 6.1. Adding a Navigation Controller to a StoryboardTests-Info.plist */,
				79DADD6C1A83C4CF009E8084 /* InfoPlist.strings */,
			);
			name = "Supporting Files";
			sourceTree = "<group>";
		};
/* End PBXGroup section */

/* Begin PBXNativeTarget section */
		79DADD401A83C4CF009E8084 /* 6.1. Adding a Navigation Controller to a Storyboard */ = {
			isa = PBXNativeTarget;
			buildConfigurationList = 79DADD731A83C4CF009E8084 /* Build configuration list for PBXNativeTarget "6.1. Adding a Navigation Controller to a Storyboard" */;
			buildPhases = (
				79DADD3D1A83C4CF009E8084 /* Sources */,
				79DADD3E1A83C4CF009E8084 /* Frameworks */,
				79DADD3F1A83C4CF009E8084 /* Resources */,
			);
			buildRules = (
			);
			dependencies = (
			);
			name = "6.1. Adding a Navigation Controller to a Storyboard";
			productName = "6.1. Adding a Navigation Controller to a Storyboard";
			productReference = 79DADD411A83C4CF009E8084 /* 6.1. Adding a Navigation Controller to a Storyboard.app */;
			productType = "com.apple.product-type.application";
		};
		79DADD611A83C4CF009E8084 /* 6.1. Adding a Navigation Controller to a StoryboardTests */ = {
			isa = PBXNativeTarget;
			buildConfigurationList = 79DADD761A83C4CF009E8084 /* Build configuration list for PBXNativeTarget "6.1. Adding a Navigation Controller to a StoryboardTests" */;
			buildPhases = (
				79DADD5E1A83C4CF009E8084 /* Sources */,
				79DADD5F1A83C4CF009E8084 /* Frameworks */,
				79DADD601A83C4CF009E8084 /* Resources */,
			);
			buildRules = (
			);
			dependencies = (
				79DADD681A83C4CF009E8084 /* PBXTargetDependency */,
			);
			name = "6.1. Adding a Navigation Controller to a StoryboardTests";
			productName = "6.1. Adding a Navigation Controller to a StoryboardTests";
			productReference = 79DADD621A83C4CF009E8084 /* 6.1. Adding a Navigation Controller to a StoryboardTests.xctest */;
			productType = "com.apple.product-type.bundle.unit-test";
		};
/* End PBXNativeTarget section */

/* Begin PBXProject section */
		79DADD391A83C4CF009E8084 /* Project object */ = {
			isa = PBXProject;
			attributes = {
				LastUpgradeCheck = 0500;
				ORGANIZATIONNAME = marat;
				TargetAttributes = {
					79DADD611A83C4CF009E8084 = {
						TestTargetID = 79DADD401A83C4CF009E8084;
					};
				};
			};
			buildConfigurationList = 79DADD3C1A83C4CF009E8084 /* Build configuration list for PBXProject "6.1. Adding a Navigation Controller to a Storyboard" */;
			compatibilityVersion = "Xcode 3.2";
			developmentRegion = English;
			hasScannedForEncodings = 0;
			knownRegions = (
				en,
				Base,
			);
			mainGroup = 79DADD381A83C4CF009E8084;
			productRefGroup = 79DADD421A83C4CF009E8084 /* Products */;
			projectDirPath = "";
			projectRoot = "";
			targets = (
				79DADD401A83C4CF009E8084 /* 6.1. Adding a Navigation Controller to a Storyboard */,
				79DADD611A83C4CF009E8084 /* 6.1. Adding a Navigation Controller to a StoryboardTests */,
			);
		};
/* End PBXProject section */

/* Begin PBXResourcesBuildPhase section */
		79DADD3F1A83C4CF009E8084 /* Resources */ = {
			isa = PBXResourcesBuildPhase;
			buildActionMask = 2147483647;
			files = (
				79DADD5D1A83C4CF009E8084 /* Images.xcassets in Resources */,
				79DADD4F1A83C4CF009E8084 /* InfoPlist.strings in Resources */,
				79DADD581A83C4CF009E8084 /* Main.storyboard in Resources */,
			);
			runOnlyForDeploymentPostprocessing = 0;
		};
		79DADD601A83C4CF009E8084 /* Resources */ = {
			isa = PBXResourcesBuildPhase;
			buildActionMask = 2147483647;
			files = (
				79DADD6E1A83C4CF009E8084 /* InfoPlist.strings in Resources */,
			);
			runOnlyForDeploymentPostprocessing = 0;
		};
/* End PBXResourcesBuildPhase section */

/* Begin PBXSourcesBuildPhase section */
		79DADD3D1A83C4CF009E8084 /* Sources */ = {
			isa = PBXSourcesBuildPhase;
			buildActionMask = 2147483647;
			files = (
				79DADD7B1A83C6C0009E8084 /* SecondViewController.m in Sources */,
				79DADD5B1A83C4CF009E8084 /* ViewController.m in Sources */,
				79DADD551A83C4CF009E8084 /* AppDelegate.m in Sources */,
				79DADD511A83C4CF009E8084 /* main.m in Sources */,
			);
			runOnlyForDeploymentPostprocessing = 0;
		};
		79DADD5E1A83C4CF009E8084 /* Sources */ = {
			isa = PBXSourcesBuildPhase;
			buildActionMask = 2147483647;
			files = (
				79DADD701A83C4CF009E8084 /* __1__Adding_a_Navigation_Controller_to_a_StoryboardTests.m in Sources */,
			);
			runOnlyForDeploymentPostprocessing = 0;
		};
/* End PBXSourcesBuildPhase section */

/* Begin PBXTargetDependency section */
		79DADD681A83C4CF009E8084 /* PBXTargetDependency */ = {
			isa = PBXTargetDependency;
			target = 79DADD401A83C4CF009E8084 /* 6.1. Adding a Navigation Controller to a Storyboard */;
			targetProxy = 79DADD671A83C4CF009E8084 /* PBXContainerItemProxy */;
		};
/* End PBXTargetDependency section */

/* Begin PBXVariantGroup section */
		79DADD4D1A83C4CF009E8084 /* InfoPlist.strings */ = {
			isa = PBXVariantGroup;
			children = (
				79DADD4E1A83C4CF009E8084 /* en */,
			);
			name = InfoPlist.strings;
			sourceTree = "<group>";
		};
		79DADD561A83C4CF009E8084 /* Main.storyboard */ = {
			isa = PBXVariantGroup;
			children = (
				79DADD571A83C4CF009E8084 /* Base */,
			);
			name = Main.storyboard;
			sourceTree = "<group>";
		};
		79DADD6C1A83C4CF009E8084 /* InfoPlist.strings */ = {
			isa = PBXVariantGroup;
			children = (
				79DADD6D1A83C4CF009E8084 /* en */,
			);
			name = InfoPlist.strings;
			sourceTree = "<group>";
		};
/* End PBXVariantGroup section */

/* Begin XCBuildConfiguration section */
		79DADD711A83C4CF009E8084 /* Debug */ = {
			isa = XCBuildConfiguration;
			buildSettings = {
				ALWAYS_SEARCH_USER_PATHS = NO;
				ARCHS = "$(ARCHS_STANDARD_INCLUDING_64_BIT)";
				CLANG_CXX_LANGUAGE_STANDARD = "gnu++0x";
				CLANG_CXX_LIBRARY = "libc++";
				CLANG_ENABLE_MODULES = YES;
				CLANG_ENABLE_OBJC_ARC = YES;
				CLANG_WARN_BOOL_CONVERSION = YES;
				CLANG_WARN_CONSTANT_CONVERSION = YES;
				CLANG_WARN_DIRECT_OBJC_ISA_USAGE = YES_ERROR;
				CLANG_WARN_EMPTY_BODY = YES;
				CLANG_WARN_ENUM_CONVERSION = YES;
				CLANG_WARN_INT_CONVERSION = YES;
				CLANG_WARN_OBJC_ROOT_CLASS = YES_ERROR;
				CLANG_WARN__DUPLICATE_METHOD_MATCH = YES;
				"CODE_SIGN_IDENTITY[sdk=iphoneos*]" = "iPhone Developer";
				COPY_PHASE_STRIP = NO;
				GCC_C_LANGUAGE_STANDARD = gnu99;
				GCC_DYNAMIC_NO_PIC = NO;
				GCC_OPTIMIZATION_LEVEL = 0;
				GCC_PREPROCESSOR_DEFINITIONS = (
					"DEBUG=1",
					"$(inherited)",
				);
				GCC_SYMBOLS_PRIVATE_EXTERN = NO;
				GCC_WARN_64_TO_32_BIT_CONVERSION = YES;
				GCC_WARN_ABOUT_RETURN_TYPE = YES_ERROR;
				GCC_WARN_UNDECLARED_SELECTOR = YES;
				GCC_WARN_UNINITIALIZED_AUTOS = YES;
				GCC_WARN_UNUSED_FUNCTION = YES;
				GCC_WARN_UNUSED_VARIABLE = YES;
				IPHONEOS_DEPLOYMENT_TARGET = 7.0;
				ONLY_ACTIVE_ARCH = YES;
				SDKROOT = iphoneos;
			};
			name = Debug;
		};
		79DADD721A83C4CF009E8084 /* Release */ = {
			isa = XCBuildConfiguration;
			buildSettings = {
				ALWAYS_SEARCH_USER_PATHS = NO;
				ARCHS = "$(ARCHS_STANDARD_INCLUDING_64_BIT)";
				CLANG_CXX_LANGUAGE_STANDARD = "gnu++0x";
				CLANG_CXX_LIBRARY = "libc++";
				CLANG_ENABLE_MODULES = YES;
				CLANG_ENABLE_OBJC_ARC = YES;
				CLANG_WARN_BOOL_CONVERSION = YES;
				CLANG_WARN_CONSTANT_CONVERSION = YES;
				CLANG_WARN_DIRECT_OBJC_ISA_USAGE = YES_ERROR;
				CLANG_WARN_EMPTY_BODY = YES;
				CLANG_WARN_ENUM_CONVERSION = YES;
				CLANG_WARN_INT_CONVERSION = YES;
				CLANG_WARN_OBJC_ROOT_CLASS = YES_ERROR;
				CLANG_WARN__DUPLICATE_METHOD_MATCH = YES;
				"CODE_SIGN_IDENTITY[sdk=iphoneos*]" = "iPhone Developer";
				COPY_PHASE_STRIP = YES;
				ENABLE_NS_ASSERTIONS = NO;
				GCC_C_LANGUAGE_STANDARD = gnu99;
				GCC_WARN_64_TO_32_BIT_CONVERSION = YES;
				GCC_WARN_ABOUT_RETURN_TYPE = YES_ERROR;
				GCC_WARN_UNDECLARED_SELECTOR = YES;
				GCC_WARN_UNINITIALIZED_AUTOS = YES;
				GCC_WARN_UNUSED_FUNCTION = YES;
				GCC_WARN_UNUSED_VARIABLE = YES;
				IPHONEOS_DEPLOYMENT_TARGET = 7.0;
				SDKROOT = iphoneos;
				VALIDATE_PRODUCT = YES;
			};
			name = Release;
		};
		79DADD741A83C4CF009E8084 /* Debug */ = {
			isa = XCBuildConfiguration;
			buildSettings = {
				ASSETCATALOG_COMPILER_APPICON_NAME = AppIcon;
				ASSETCATALOG_COMPILER_LAUNCHIMAGE_NAME = LaunchImage;
				GCC_PRECOMPILE_PREFIX_HEADER = YES;
				GCC_PREFIX_HEADER = "6.1. Adding a Navigation Controller to a Storyboard/6.1. Adding a Navigation Controller to a Storyboard-Prefix.pch";
				INFOPLIST_FILE = "6.1. Adding a Navigation Controller to a Storyboard/6.1. Adding a Navigation Controller to a Storyboard-Info.plist";
				PRODUCT_NAME = "$(TARGET_NAME)";
				WRAPPER_EXTENSION = app;
			};
			name = Debug;
		};
		79DADD751A83C4CF009E8084 /* Release */ = {
			isa = XCBuildConfiguration;
			buildSettings = {
				ASSETCATALOG_COMPILER_APPICON_NAME = AppIcon;
				ASSETCATALOG_COMPILER_LAUNCHIMAGE_NAME = LaunchImage;
				GCC_PRECOMPILE_PREFIX_HEADER = YES;
				GCC_PREFIX_HEADER = "6.1. Adding a Navigation Controller to a Storyboard/6.1. Adding a Navigation Controller to a Storyboard-Prefix.pch";
				INFOPLIST_FILE = "6.1. Adding a Navigation Controller to a Storyboard/6.1. Adding a Navigation Controller to a Storyboard-Info.plist";
				PRODUCT_NAME = "$(TARGET_NAME)";
				WRAPPER_EXTENSION = app;
			};
			name = Release;
		};
		79DADD771A83C4CF009E8084 /* Debug */ = {
			isa = XCBuildConfiguration;
			buildSettings = {
				ARCHS = "$(ARCHS_STANDARD_INCLUDING_64_BIT)";
				BUNDLE_LOADER = "$(BUILT_PRODUCTS_DIR)/6.1. Adding a Navigation Controller to a Storyboard.app/6.1. Adding a Navigation Controller to a Storyboard";
				FRAMEWORK_SEARCH_PATHS = (
					"$(SDKROOT)/Developer/Library/Frameworks",
					"$(inherited)",
					"$(DEVELOPER_FRAMEWORKS_DIR)",
				);
				GCC_PRECOMPILE_PREFIX_HEADER = YES;
				GCC_PREFIX_HEADER = "6.1. Adding a Navigation Controller to a Storyboard/6.1. Adding a Navigation Controller to a Storyboard-Prefix.pch";
				GCC_PREPROCESSOR_DEFINITIONS = (
					"DEBUG=1",
					"$(inherited)",
				);
				INFOPLIST_FILE = "6.1. Adding a Navigation Controller to a StoryboardTests/6.1. Adding a Navigation Controller to a StoryboardTests-Info.plist";
				PRODUCT_NAME = "$(TARGET_NAME)";
				TEST_HOST = "$(BUNDLE_LOADER)";
				WRAPPER_EXTENSION = xctest;
			};
			name = Debug;
		};
		79DADD781A83C4CF009E8084 /* Release */ = {
			isa = XCBuildConfiguration;
			buildSettings = {
				ARCHS = "$(ARCHS_STANDARD_INCLUDING_64_BIT)";
				BUNDLE_LOADER = "$(BUILT_PRODUCTS_DIR)/6.1. Adding a Navigation Controller to a Storyboard.app/6.1. Adding a Navigation Controller to a Storyboard";
				FRAMEWORK_SEARCH_PATHS = (
					"$(SDKROOT)/Developer/Library/Frameworks",
					"$(inherited)",
					"$(DEVELOPER_FRAMEWORKS_DIR)",
				);
				GCC_PRECOMPILE_PREFIX_HEADER = YES;
				GCC_PREFIX_HEADER = "6.1. Adding a Navigation Controller to a Storyboard/6.1. Adding a Navigation Controller to a Storyboard-Prefix.pch";
				INFOPLIST_FILE = "6.1. Adding a Navigation Controller to a StoryboardTests/6.1. Adding a Navigation Controller to a StoryboardTests-Info.plist";
				PRODUCT_NAME = "$(TARGET_NAME)";
				TEST_HOST = "$(BUNDLE_LOADER)";
				WRAPPER_EXTENSION = xctest;
			};
			name = Release;
		};
/* End XCBuildConfiguration section */

/* Begin XCConfigurationList section */
		79DADD3C1A83C4CF009E8084 /* Build configuration list for PBXProject "6.1. Adding a Navigation Controller to a Storyboard" */ = {
			isa = XCConfigurationList;
			buildConfigurations = (
				79DADD711A83C4CF009E8084 /* Debug */,
				79DADD721A83C4CF009E8084 /* Release */,
			);
			defaultConfigurationIsVisible = 0;
			defaultConfigurationName = Release;
		};
		79DADD731A83C4CF009E8084 /* Build configuration list for PBXNativeTarget "6.1. Adding a Navigation Controller to a Storyboard" */ = {
			isa = XCConfigurationList;
			buildConfigurations = (
				79DADD741A83C4CF009E8084 /* Debug */,
				79DADD751A83C4CF009E8084 /* Release */,
			);
			defaultConfigurationIsVisible = 0;
		};
		79DADD761A83C4CF009E8084 /* Build configuration list for PBXNativeTarget "6.1. Adding a Navigation Controller to a StoryboardTests" */ = {
			isa = XCConfigurationList;
			buildConfigurations = (
				79DADD771A83C4CF009E8084 /* Debug */,
				79DADD781A83C4CF009E8084 /* Release */,
			);
			defaultConfigurationIsVisible = 0;
		};
/* End XCConfigurationList section */
	};
	rootObject = 79DADD391A83C4CF009E8084 /* Project object */;
}
