<?xml version="1.0" encoding="UTF-8"?>
<Scheme
   LastUpgradeVersion = "0500"
   version = "1.3">
   <BuildAction
      parallelizeBuildables = "YES"
      buildImplicitDependencies = "YES">
      <BuildActionEntries>
         <BuildActionEntry
            buildForTesting = "YES"
            buildForRunning = "YES"
            buildForProfiling = "YES"
            buildForArchiving = "YES"
            buildForAnalyzing = "YES">
            <BuildableReference
               BuildableIdentifier = "primary"
               BlueprintIdentifier = "79DADDC51A83CCA3009E8084"
               BuildableName = "6.4. Introducing Custom Segue Transitions to Your Storyboard.app"
               BlueprintName = "6.4. Introducing Custom Segue Transitions to Your Storyboard"
               ReferencedContainer = "container:6.4. Introducing Custom Segue Transitions to Your Storyboard.xcodeproj">
            </BuildableReference>
         </BuildActionEntry>
      </BuildActionEntries>
   </BuildAction>
   <TestAction
      selectedDebuggerIdentifier = "Xcode.DebuggerFoundation.Debugger.LLDB"
      selectedLauncherIdentifier = "Xcode.DebuggerFoundation.Launcher.LLDB"
      shouldUseLaunchSchemeArgsEnv = "YES"
      buildConfiguration = "Debug">
      <Testables>
         <TestableReference
            skipped = "NO">
            <BuildableReference
               BuildableIdentifier = "primary"
               BlueprintIdentifier = "79DADDE61A83CCA3009E8084"
               BuildableName = "6.4. Introducing Custom Segue Transitions to Your StoryboardTests.xctest"
               BlueprintName = "6.4. Introducing Custom Segue Transitions to Your StoryboardTests"
               ReferencedContainer = "container:6.4. Introducing Custom Segue Transitions to Your Storyboard.xcodeproj">
            </BuildableReference>
         </TestableReference>
      </Testables>
      <MacroExpansion>
         <BuildableReference
            BuildableIdentifier = "primary"
            BlueprintIdentifier = "79DADDC51A83CCA3009E8084"
            BuildableName = "6.4. Introducing Custom Segue Transitions to Your Storyboard.app"
            BlueprintName = "6.4. Introducing Custom Segue Transitions to Your Storyboard"
            ReferencedContainer = "container:6.4. Introducing Custom Segue Transitions to Your Storyboard.xcodeproj">
         </BuildableReference>
      </MacroExpansion>
   </TestAction>
   <LaunchAction
      selectedDebuggerIdentifier = "Xcode.DebuggerFoundation.Debugger.LLDB"
      selectedLauncherIdentifier = "Xcode.DebuggerFoundation.Launcher.LLDB"
      launchStyle = "0"
      useCustomWorkingDirectory = "NO"
      buildConfiguration = "Debug"
      ignoresPersistentStateOnLaunch = "NO"
      debugDocumentVersioning = "YES"
      allowLocationSimulation = "YES">
      <BuildableProductRunnable>
         <BuildableReference
            BuildableIdentifier = "primary"
            BlueprintIdentifier = "79DADDC51A83CCA3009E8084"
            BuildableName = "6.4. Introducing Custom Segue Transitions to Your Storyboard.app"
            BlueprintName = "6.4. Introducing Custom Segue Transitions to Your Storyboard"
            ReferencedContainer = "container:6.4. Introducing Custom Segue Transitions to Your Storyboard.xcodeproj">
         </BuildableReference>
      </BuildableProductRunnable>
      <AdditionalOptions>
      </AdditionalOptions>
   </LaunchAction>
   <ProfileAction
      shouldUseLaunchSchemeArgsEnv = "YES"
      savedToolIdentifier = ""
      useCustomWorkingDirectory = "NO"
      buildConfiguration = "Release"
      debugDocumentVersioning = "YES">
      <BuildableProductRunnable>
         <BuildableReference
            BuildableIdentifier = "primary"
            BlueprintIdentifier = "79DADDC51A83CCA3009E8084"
            BuildableName = "6.4. Introducing Custom Segue Transitions to Your Storyboard.app"
            BlueprintName = "6.4. Introducing Custom Segue Transitions to Your Storyboard"
            ReferencedContainer = "container:6.4. Introducing Custom Segue Transitions to Your Storyboard.xcodeproj">
         </BuildableReference>
      </BuildableProductRunnable>
   </ProfileAction>
   <AnalyzeAction
      buildConfiguration = "Debug">
   </AnalyzeAction>
   <ArchiveAction
      buildConfiguration = "Release"
      revealArchiveInOrganizer = "YES">
   </ArchiveAction>
</Scheme>
