// !$*UTF8*$!
{
	archiveVersion = 1;
	classes = {
	};
	objectVersion = 46;
	objects = {

/* Begin PBXBuildFile section */
		7911E4F91A642D1400DDD6E4 /* Foundation.framework in Frameworks */ = {isa = PBXBuildFile; fileRef = 7911E4F81A642D1400DDD6E4 /* Foundation.framework */; };
		7911E4FB1A642D1400DDD6E4 /* CoreGraphics.framework in Frameworks */ = {isa = PBXBuildFile; fileRef = 7911E4FA1A642D1400DDD6E4 /* CoreGraphics.framework */; };
		7911E4FD1A642D1400DDD6E4 /* UIKit.framework in Frameworks */ = {isa = PBXBuildFile; fileRef = 7911E4FC1A642D1400DDD6E4 /* UIKit.framework */; };
		7911E5031A642D1400DDD6E4 /* InfoPlist.strings in Resources */ = {isa = PBXBuildFile; fileRef = 7911E5011A642D1400DDD6E4 /* InfoPlist.strings */; };
		7911E5051A642D1400DDD6E4 /* main.m in Sources */ = {isa = PBXBuildFile; fileRef = 7911E5041A642D1400DDD6E4 /* main.m */; };
		7911E5091A642D1400DDD6E4 /* AppDelegate.m in Sources */ = {isa = PBXBuildFile; fileRef = 7911E5081A642D1400DDD6E4 /* AppDelegate.m */; };
		7911E50C1A642D1400DDD6E4 /* Main.storyboard in Resources */ = {isa = PBXBuildFile; fileRef = 7911E50A1A642D1400DDD6E4 /* Main.storyboard */; };
		7911E50F1A642D1400DDD6E4 /* ViewController.m in Sources */ = {isa = PBXBuildFile; fileRef = 7911E50E1A642D1400DDD6E4 /* ViewController.m */; };
		7911E5111A642D1400DDD6E4 /* Images.xcassets in Resources */ = {isa = PBXBuildFile; fileRef = 7911E5101A642D1400DDD6E4 /* Images.xcassets */; };
		7911E5181A642D1400DDD6E4 /* XCTest.framework in Frameworks */ = {isa = PBXBuildFile; fileRef = 7911E5171A642D1400DDD6E4 /* XCTest.framework */; };
		7911E5191A642D1400DDD6E4 /* Foundation.framework in Frameworks */ = {isa = PBXBuildFile; fileRef = 7911E4F81A642D1400DDD6E4 /* Foundation.framework */; };
		7911E51A1A642D1400DDD6E4 /* UIKit.framework in Frameworks */ = {isa = PBXBuildFile; fileRef = 7911E4FC1A642D1400DDD6E4 /* UIKit.framework */; };
		7911E5221A642D1400DDD6E4 /* InfoPlist.strings in Resources */ = {isa = PBXBuildFile; fileRef = 7911E5201A642D1400DDD6E4 /* InfoPlist.strings */; };
		7911E5241A642D1400DDD6E4 /* __20_Long_LinesTests.m in Sources */ = {isa = PBXBuildFile; fileRef = 7911E5231A642D1400DDD6E4 /* __20_Long_LinesTests.m */; };
/* End PBXBuildFile section */

/* Begin PBXContainerItemProxy section */
		7911E51B1A642D1400DDD6E4 /* PBXContainerItemProxy */ = {
			isa = PBXContainerItemProxy;
			containerPortal = 7911E4ED1A642D1400DDD6E4 /* Project object */;
			proxyType = 1;
			remoteGlobalIDString = 7911E4F41A642D1400DDD6E4;
			remoteInfo = "1.20 Long Lines";
		};
/* End PBXContainerItemProxy section */

/* Begin PBXFileReference section */
		7911E4F51A642D1400DDD6E4 /* 1.20 Long Lines.app */ = {isa = PBXFileReference; explicitFileType = wrapper.application; includeInIndex = 0; path = "1.20 Long Lines.app"; sourceTree = BUILT_PRODUCTS_DIR; };
		7911E4F81A642D1400DDD6E4 /* Foundation.framework */ = {isa = PBXFileReference; lastKnownFileType = wrapper.framework; name = Foundation.framework; path = System/Library/Frameworks/Foundation.framework; sourceTree = SDKROOT; };
		7911E4FA1A642D1400DDD6E4 /* CoreGraphics.framework */ = {isa = PBXFileReference; lastKnownFileType = wrapper.framework; name = CoreGraphics.framework; path = System/Library/Frameworks/CoreGraphics.framework; sourceTree = SDKROOT; };
		7911E4FC1A642D1400DDD6E4 /* UIKit.framework */ = {isa = PBXFileReference; lastKnownFileType = wrapper.framework; name = UIKit.framework; path = System/Library/Frameworks/UIKit.framework; sourceTree = SDKROOT; };
		7911E5001A642D1400DDD6E4 /* 1.20 Long Lines-Info.plist */ = {isa = PBXFileReference; lastKnownFileType = text.plist.xml; path = "1.20 Long Lines-Info.plist"; sourceTree = "<group>"; };
		7911E5021A642D1400DDD6E4 /* en */ = {isa = PBXFileReference; lastKnownFileType = text.plist.strings; name = en; path = en.lproj/InfoPlist.strings; sourceTree = "<group>"; };
		7911E5041A642D1400DDD6E4 /* main.m */ = {isa = PBXFileReference; lastKnownFileType = sourcecode.c.objc; path = main.m; sourceTree = "<group>"; };
		7911E5061A642D1400DDD6E4 /* 1.20 Long Lines-Prefix.pch */ = {isa = PBXFileReference; lastKnownFileType = sourcecode.c.h; path = "1.20 Long Lines-Prefix.pch"; sourceTree = "<group>"; };
		7911E5071A642D1400DDD6E4 /* AppDelegate.h */ = {isa = PBXFileReference; lastKnownFileType = sourcecode.c.h; path = AppDelegate.h; sourceTree = "<group>"; };
		7911E5081A642D1400DDD6E4 /* AppDelegate.m */ = {isa = PBXFileReference; lastKnownFileType = sourcecode.c.objc; path = AppDelegate.m; sourceTree = "<group>"; };
		7911E50B1A642D1400DDD6E4 /* Base */ = {isa = PBXFileReference; lastKnownFileType = file.storyboard; name = Base; path = Base.lproj/Main.storyboard; sourceTree = "<group>"; };
		7911E50D1A642D1400DDD6E4 /* ViewController.h */ = {isa = PBXFileReference; lastKnownFileType = sourcecode.c.h; path = ViewController.h; sourceTree = "<group>"; };
		7911E50E1A642D1400DDD6E4 /* ViewController.m */ = {isa = PBXFileReference; lastKnownFileType = sourcecode.c.objc; path = ViewController.m; sourceTree = "<group>"; };
		7911E5101A642D1400DDD6E4 /* Images.xcassets */ = {isa = PBXFileReference; lastKnownFileType = folder.assetcatalog; path = Images.xcassets; sourceTree = "<group>"; };
		7911E5161A642D1400DDD6E4 /* 1.20 Long LinesTests.xctest */ = {isa = PBXFileReference; explicitFileType = wrapper.cfbundle; includeInIndex = 0; path = "1.20 Long LinesTests.xctest"; sourceTree = BUILT_PRODUCTS_DIR; };
		7911E5171A642D1400DDD6E4 /* XCTest.framework */ = {isa = PBXFileReference; lastKnownFileType = wrapper.framework; name = XCTest.framework; path = Library/Frameworks/XCTest.framework; sourceTree = DEVELOPER_DIR; };
		7911E51F1A642D1400DDD6E4 /* 1.20 Long LinesTests-Info.plist */ = {isa = PBXFileReference; lastKnownFileType = text.plist.xml; path = "1.20 Long LinesTests-Info.plist"; sourceTree = "<group>"; };
		7911E5211A642D1400DDD6E4 /* en */ = {isa = PBXFileReference; lastKnownFileType = text.plist.strings; name = en; path = en.lproj/InfoPlist.strings; sourceTree = "<group>"; };
		7911E5231A642D1400DDD6E4 /* __20_Long_LinesTests.m */ = {isa = PBXFileReference; lastKnownFileType = sourcecode.c.objc; path = __20_Long_LinesTests.m; sourceTree = "<group>"; };
/* End PBXFileReference section */

/* Begin PBXFrameworksBuildPhase section */
		7911E4F21A642D1400DDD6E4 /* Frameworks */ = {
			isa = PBXFrameworksBuildPhase;
			buildActionMask = 2147483647;
			files = (
				7911E4FB1A642D1400DDD6E4 /* CoreGraphics.framework in Frameworks */,
				7911E4FD1A642D1400DDD6E4 /* UIKit.framework in Frameworks */,
				7911E4F91A642D1400DDD6E4 /* Foundation.framework in Frameworks */,
			);
			runOnlyForDeploymentPostprocessing = 0;
		};
		7911E5131A642D1400DDD6E4 /* Frameworks */ = {
			isa = PBXFrameworksBuildPhase;
			buildActionMask = 2147483647;
			files = (
				7911E5181A642D1400DDD6E4 /* XCTest.framework in Frameworks */,
				7911E51A1A642D1400DDD6E4 /* UIKit.framework in Frameworks */,
				7911E5191A642D1400DDD6E4 /* Foundation.framework in Frameworks */,
			);
			runOnlyForDeploymentPostprocessing = 0;
		};
/* End PBXFrameworksBuildPhase section */

/* Begin PBXGroup section */
		7911E4EC1A642D1400DDD6E4 = {
			isa = PBXGroup;
			children = (
				7911E4FE1A642D1400DDD6E4 /* 1.20 Long Lines */,
				7911E51D1A642D1400DDD6E4 /* 1.20 Long LinesTests */,
				7911E4F71A642D1400DDD6E4 /* Frameworks */,
				7911E4F61A642D1400DDD6E4 /* Products */,
			);
			sourceTree = "<group>";
		};
		7911E4F61A642D1400DDD6E4 /* Products */ = {
			isa = PBXGroup;
			children = (
				7911E4F51A642D1400DDD6E4 /* 1.20 Long Lines.app */,
				7911E5161A642D1400DDD6E4 /* 1.20 Long LinesTests.xctest */,
			);
			name = Products;
			sourceTree = "<group>";
		};
		7911E4F71A642D1400DDD6E4 /* Frameworks */ = {
			isa = PBXGroup;
			children = (
				7911E4F81A642D1400DDD6E4 /* Foundation.framework */,
				7911E4FA1A642D1400DDD6E4 /* CoreGraphics.framework */,
				7911E4FC1A642D1400DDD6E4 /* UIKit.framework */,
				7911E5171A642D1400DDD6E4 /* XCTest.framework */,
			);
			name = Frameworks;
			sourceTree = "<group>";
		};
		7911E4FE1A642D1400DDD6E4 /* 1.20 Long Lines */ = {
			isa = PBXGroup;
			children = (
				7911E5071A642D1400DDD6E4 /* AppDelegate.h */,
				7911E5081A642D1400DDD6E4 /* AppDelegate.m */,
				7911E50A1A642D1400DDD6E4 /* Main.storyboard */,
				7911E50D1A642D1400DDD6E4 /* ViewController.h */,
				7911E50E1A642D1400DDD6E4 /* ViewController.m */,
				7911E5101A642D1400DDD6E4 /* Images.xcassets */,
				7911E4FF1A642D1400DDD6E4 /* Supporting Files */,
			);
			path = "1.20 Long Lines";
			sourceTree = "<group>";
		};
		7911E4FF1A642D1400DDD6E4 /* Supporting Files */ = {
			isa = PBXGroup;
			children = (
				7911E5001A642D1400DDD6E4 /* 1.20 Long Lines-Info.plist */,
				7911E5011A642D1400DDD6E4 /* InfoPlist.strings */,
				7911E5041A642D1400DDD6E4 /* main.m */,
				7911E5061A642D1400DDD6E4 /* 1.20 Long Lines-Prefix.pch */,
			);
			name = "Supporting Files";
			sourceTree = "<group>";
		};
		7911E51D1A642D1400DDD6E4 /* 1.20 Long LinesTests */ = {
			isa = PBXGroup;
			children = (
				7911E5231A642D1400DDD6E4 /* __20_Long_LinesTests.m */,
				7911E51E1A642D1400DDD6E4 /* Supporting Files */,
			);
			path = "1.20 Long LinesTests";
			sourceTree = "<group>";
		};
		7911E51E1A642D1400DDD6E4 /* Supporting Files */ = {
			isa = PBXGroup;
			children = (
				7911E51F1A642D1400DDD6E4 /* 1.20 Long LinesTests-Info.plist */,
				7911E5201A642D1400DDD6E4 /* InfoPlist.strings */,
			);
			name = "Supporting Files";
			sourceTree = "<group>";
		};
/* End PBXGroup section */

/* Begin PBXNativeTarget section */
		7911E4F41A642D1400DDD6E4 /* 1.20 Long Lines */ = {
			isa = PBXNativeTarget;
			buildConfigurationList = 7911E5271A642D1400DDD6E4 /* Build configuration list for PBXNativeTarget "1.20 Long Lines" */;
			buildPhases = (
				7911E4F11A642D1400DDD6E4 /* Sources */,
				7911E4F21A642D1400DDD6E4 /* Frameworks */,
				7911E4F31A642D1400DDD6E4 /* Resources */,
			);
			buildRules = (
			);
			dependencies = (
			);
			name = "1.20 Long Lines";
			productName = "1.20 Long Lines";
			productReference = 7911E4F51A642D1400DDD6E4 /* 1.20 Long Lines.app */;
			productType = "com.apple.product-type.application";
		};
		7911E5151A642D1400DDD6E4 /* 1.20 Long LinesTests */ = {
			isa = PBXNativeTarget;
			buildConfigurationList = 7911E52A1A642D1400DDD6E4 /* Build configuration list for PBXNativeTarget "1.20 Long LinesTests" */;
			buildPhases = (
				7911E5121A642D1400DDD6E4 /* Sources */,
				7911E5131A642D1400DDD6E4 /* Frameworks */,
				7911E5141A642D1400DDD6E4 /* Resources */,
			);
			buildRules = (
			);
			dependencies = (
				7911E51C1A642D1400DDD6E4 /* PBXTargetDependency */,
			);
			name = "1.20 Long LinesTests";
			productName = "1.20 Long LinesTests";
			productReference = 7911E5161A642D1400DDD6E4 /* 1.20 Long LinesTests.xctest */;
			productType = "com.apple.product-type.bundle.unit-test";
		};
/* End PBXNativeTarget section */

/* Begin PBXProject section */
		7911E4ED1A642D1400DDD6E4 /* Project object */ = {
			isa = PBXProject;
			attributes = {
				LastUpgradeCheck = 0500;
				ORGANIZATIONNAME = marat;
				TargetAttributes = {
					7911E5151A642D1400DDD6E4 = {
						TestTargetID = 7911E4F41A642D1400DDD6E4;
					};
				};
			};
			buildConfigurationList = 7911E4F01A642D1400DDD6E4 /* Build configuration list for PBXProject "1.20 Long Lines" */;
			compatibilityVersion = "Xcode 3.2";
			developmentRegion = English;
			hasScannedForEncodings = 0;
			knownRegions = (
				en,
				Base,
			);
			mainGroup = 7911E4EC1A642D1400DDD6E4;
			productRefGroup = 7911E4F61A642D1400DDD6E4 /* Products */;
			projectDirPath = "";
			projectRoot = "";
			targets = (
				7911E4F41A642D1400DDD6E4 /* 1.20 Long Lines */,
				7911E5151A642D1400DDD6E4 /* 1.20 Long LinesTests */,
			);
		};
/* End PBXProject section */

/* Begin PBXResourcesBuildPhase section */
		7911E4F31A642D1400DDD6E4 /* Resources */ = {
			isa = PBXResourcesBuildPhase;
			buildActionMask = 2147483647;
			files = (
				7911E5111A642D1400DDD6E4 /* Images.xcassets in Resources */,
				7911E5031A642D1400DDD6E4 /* InfoPlist.strings in Resources */,
				7911E50C1A642D1400DDD6E4 /* Main.storyboard in Resources */,
			);
			runOnlyForDeploymentPostprocessing = 0;
		};
		7911E5141A642D1400DDD6E4 /* Resources */ = {
			isa = PBXResourcesBuildPhase;
			buildActionMask = 2147483647;
			files = (
				7911E5221A642D1400DDD6E4 /* InfoPlist.strings in Resources */,
			);
			runOnlyForDeploymentPostprocessing = 0;
		};
/* End PBXResourcesBuildPhase section */

/* Begin PBXSourcesBuildPhase section */
		7911E4F11A642D1400DDD6E4 /* Sources */ = {
			isa = PBXSourcesBuildPhase;
			buildActionMask = 2147483647;
			files = (
				7911E50F1A642D1400DDD6E4 /* ViewController.m in Sources */,
				7911E5091A642D1400DDD6E4 /* AppDelegate.m in Sources */,
				7911E5051A642D1400DDD6E4 /* main.m in Sources */,
			);
			runOnlyForDeploymentPostprocessing = 0;
		};
		7911E5121A642D1400DDD6E4 /* Sources */ = {
			isa = PBXSourcesBuildPhase;
			buildActionMask = 2147483647;
			files = (
				7911E5241A642D1400DDD6E4 /* __20_Long_LinesTests.m in Sources */,
			);
			runOnlyForDeploymentPostprocessing = 0;
		};
/* End PBXSourcesBuildPhase section */

/* Begin PBXTargetDependency section */
		7911E51C1A642D1400DDD6E4 /* PBXTargetDependency */ = {
			isa = PBXTargetDependency;
			target = 7911E4F41A642D1400DDD6E4 /* 1.20 Long Lines */;
			targetProxy = 7911E51B1A642D1400DDD6E4 /* PBXContainerItemProxy */;
		};
/* End PBXTargetDependency section */

/* Begin PBXVariantGroup section */
		7911E5011A642D1400DDD6E4 /* InfoPlist.strings */ = {
			isa = PBXVariantGroup;
			children = (
				7911E5021A642D1400DDD6E4 /* en */,
			);
			name = InfoPlist.strings;
			sourceTree = "<group>";
		};
		7911E50A1A642D1400DDD6E4 /* Main.storyboard */ = {
			isa = PBXVariantGroup;
			children = (
				7911E50B1A642D1400DDD6E4 /* Base */,
			);
			name = Main.storyboard;
			sourceTree = "<group>";
		};
		7911E5201A642D1400DDD6E4 /* InfoPlist.strings */ = {
			isa = PBXVariantGroup;
			children = (
				7911E5211A642D1400DDD6E4 /* en */,
			);
			name = InfoPlist.strings;
			sourceTree = "<group>";
		};
/* End PBXVariantGroup section */

/* Begin XCBuildConfiguration section */
		7911E5251A642D1400DDD6E4 /* Debug */ = {
			isa = XCBuildConfiguration;
			buildSettings = {
				ALWAYS_SEARCH_USER_PATHS = NO;
				ARCHS = "$(ARCHS_STANDARD_INCLUDING_64_BIT)";
				CLANG_CXX_LANGUAGE_STANDARD = "gnu++0x";
				CLANG_CXX_LIBRARY = "libc++";
				CLANG_ENABLE_MODULES = YES;
				CLANG_ENABLE_OBJC_ARC = YES;
				CLANG_WARN_BOOL_CONVERSION = YES;
				CLANG_WARN_CONSTANT_CONVERSION = YES;
				CLANG_WARN_DIRECT_OBJC_ISA_USAGE = YES_ERROR;
				CLANG_WARN_EMPTY_BODY = YES;
				CLANG_WARN_ENUM_CONVERSION = YES;
				CLANG_WARN_INT_CONVERSION = YES;
				CLANG_WARN_OBJC_ROOT_CLASS = YES_ERROR;
				CLANG_WARN__DUPLICATE_METHOD_MATCH = YES;
				"CODE_SIGN_IDENTITY[sdk=iphoneos*]" = "iPhone Developer";
				COPY_PHASE_STRIP = NO;
				GCC_C_LANGUAGE_STANDARD = gnu99;
				GCC_DYNAMIC_NO_PIC = NO;
				GCC_OPTIMIZATION_LEVEL = 0;
				GCC_PREPROCESSOR_DEFINITIONS = (
					"DEBUG=1",
					"$(inherited)",
				);
				GCC_SYMBOLS_PRIVATE_EXTERN = NO;
				GCC_WARN_64_TO_32_BIT_CONVERSION = YES;
				GCC_WARN_ABOUT_RETURN_TYPE = YES_ERROR;
				GCC_WARN_UNDECLARED_SELECTOR = YES;
				GCC_WARN_UNINITIALIZED_AUTOS = YES;
				GCC_WARN_UNUSED_FUNCTION = YES;
				GCC_WARN_UNUSED_VARIABLE = YES;
				IPHONEOS_DEPLOYMENT_TARGET = 7.0;
				ONLY_ACTIVE_ARCH = YES;
				SDKROOT = iphoneos;
			};
			name = Debug;
		};
		7911E5261A642D1400DDD6E4 /* Release */ = {
			isa = XCBuildConfiguration;
			buildSettings = {
				ALWAYS_SEARCH_USER_PATHS = NO;
				ARCHS = "$(ARCHS_STANDARD_INCLUDING_64_BIT)";
				CLANG_CXX_LANGUAGE_STANDARD = "gnu++0x";
				CLANG_CXX_LIBRARY = "libc++";
				CLANG_ENABLE_MODULES = YES;
				CLANG_ENABLE_OBJC_ARC = YES;
				CLANG_WARN_BOOL_CONVERSION = YES;
				CLANG_WARN_CONSTANT_CONVERSION = YES;
				CLANG_WARN_DIRECT_OBJC_ISA_USAGE = YES_ERROR;
				CLANG_WARN_EMPTY_BODY = YES;
				CLANG_WARN_ENUM_CONVERSION = YES;
				CLANG_WARN_INT_CONVERSION = YES;
				CLANG_WARN_OBJC_ROOT_CLASS = YES_ERROR;
				CLANG_WARN__DUPLICATE_METHOD_MATCH = YES;
				"CODE_SIGN_IDENTITY[sdk=iphoneos*]" = "iPhone Developer";
				COPY_PHASE_STRIP = YES;
				ENABLE_NS_ASSERTIONS = NO;
				GCC_C_LANGUAGE_STANDARD = gnu99;
				GCC_WARN_64_TO_32_BIT_CONVERSION = YES;
				GCC_WARN_ABOUT_RETURN_TYPE = YES_ERROR;
				GCC_WARN_UNDECLARED_SELECTOR = YES;
				GCC_WARN_UNINITIALIZED_AUTOS = YES;
				GCC_WARN_UNUSED_FUNCTION = YES;
				GCC_WARN_UNUSED_VARIABLE = YES;
				IPHONEOS_DEPLOYMENT_TARGET = 7.0;
				SDKROOT = iphoneos;
				VALIDATE_PRODUCT = YES;
			};
			name = Release;
		};
		7911E5281A642D1400DDD6E4 /* Debug */ = {
			isa = XCBuildConfiguration;
			buildSettings = {
				ASSETCATALOG_COMPILER_APPICON_NAME = AppIcon;
				ASSETCATALOG_COMPILER_LAUNCHIMAGE_NAME = LaunchImage;
				GCC_PRECOMPILE_PREFIX_HEADER = YES;
				GCC_PREFIX_HEADER = "1.20 Long Lines/1.20 Long Lines-Prefix.pch";
				INFOPLIST_FILE = "1.20 Long Lines/1.20 Long Lines-Info.plist";
				PRODUCT_NAME = "$(TARGET_NAME)";
				WRAPPER_EXTENSION = app;
			};
			name = Debug;
		};
		7911E5291A642D1400DDD6E4 /* Release */ = {
			isa = XCBuildConfiguration;
			buildSettings = {
				ASSETCATALOG_COMPILER_APPICON_NAME = AppIcon;
				ASSETCATALOG_COMPILER_LAUNCHIMAGE_NAME = LaunchImage;
				GCC_PRECOMPILE_PREFIX_HEADER = YES;
				GCC_PREFIX_HEADER = "1.20 Long Lines/1.20 Long Lines-Prefix.pch";
				INFOPLIST_FILE = "1.20 Long Lines/1.20 Long Lines-Info.plist";
				PRODUCT_NAME = "$(TARGET_NAME)";
				WRAPPER_EXTENSION = app;
			};
			name = Release;
		};
		7911E52B1A642D1400DDD6E4 /* Debug */ = {
			isa = XCBuildConfiguration;
			buildSettings = {
				ARCHS = "$(ARCHS_STANDARD_INCLUDING_64_BIT)";
				BUNDLE_LOADER = "$(BUILT_PRODUCTS_DIR)/1.20 Long Lines.app/1.20 Long Lines";
				FRAMEWORK_SEARCH_PATHS = (
					"$(SDKROOT)/Developer/Library/Frameworks",
					"$(inherited)",
					"$(DEVELOPER_FRAMEWORKS_DIR)",
				);
				GCC_PRECOMPILE_PREFIX_HEADER = YES;
				GCC_PREFIX_HEADER = "1.20 Long Lines/1.20 Long Lines-Prefix.pch";
				GCC_PREPROCESSOR_DEFINITIONS = (
					"DEBUG=1",
					"$(inherited)",
				);
				INFOPLIST_FILE = "1.20 Long LinesTests/1.20 Long LinesTests-Info.plist";
				PRODUCT_NAME = "$(TARGET_NAME)";
				TEST_HOST = "$(BUNDLE_LOADER)";
				WRAPPER_EXTENSION = xctest;
			};
			name = Debug;
		};
		7911E52C1A642D1400DDD6E4 /* Release */ = {
			isa = XCBuildConfiguration;
			buildSettings = {
				ARCHS = "$(ARCHS_STANDARD_INCLUDING_64_BIT)";
				BUNDLE_LOADER = "$(BUILT_PRODUCTS_DIR)/1.20 Long Lines.app/1.20 Long Lines";
				FRAMEWORK_SEARCH_PATHS = (
					"$(SDKROOT)/Developer/Library/Frameworks",
					"$(inherited)",
					"$(DEVELOPER_FRAMEWORKS_DIR)",
				);
				GCC_PRECOMPILE_PREFIX_HEADER = YES;
				GCC_PREFIX_HEADER = "1.20 Long Lines/1.20 Long Lines-Prefix.pch";
				INFOPLIST_FILE = "1.20 Long LinesTests/1.20 Long LinesTests-Info.plist";
				PRODUCT_NAME = "$(TARGET_NAME)";
				TEST_HOST = "$(BUNDLE_LOADER)";
				WRAPPER_EXTENSION = xctest;
			};
			name = Release;
		};
/* End XCBuildConfiguration section */

/* Begin XCConfigurationList section */
		7911E4F01A642D1400DDD6E4 /* Build configuration list for PBXProject "1.20 Long Lines" */ = {
			isa = XCConfigurationList;
			buildConfigurations = (
				7911E5251A642D1400DDD6E4 /* Debug */,
				7911E5261A642D1400DDD6E4 /* Release */,
			);
			defaultConfigurationIsVisible = 0;
			defaultConfigurationName = Release;
		};
		7911E5271A642D1400DDD6E4 /* Build configuration list for PBXNativeTarget "1.20 Long Lines" */ = {
			isa = XCConfigurationList;
			buildConfigurations = (
				7911E5281A642D1400DDD6E4 /* Debug */,
				7911E5291A642D1400DDD6E4 /* Release */,
			);
			defaultConfigurationIsVisible = 0;
		};
		7911E52A1A642D1400DDD6E4 /* Build configuration list for PBXNativeTarget "1.20 Long LinesTests" */ = {
			isa = XCConfigurationList;
			buildConfigurations = (
				7911E52B1A642D1400DDD6E4 /* Debug */,
				7911E52C1A642D1400DDD6E4 /* Release */,
			);
			defaultConfigurationIsVisible = 0;
		};
/* End XCConfigurationList section */
	};
	rootObject = 7911E4ED1A642D1400DDD6E4 /* Project object */;
}
